
Microsoft Visual Studio Solution File, Format Version 12.00
# Visual Studio 15
VisualStudioVersion = 15.0.28307.271
MinimumVisualStudioVersion = 10.0.40219.1
Project("{FAE04EC0-301F-11D3-BF4B-00C04F79EFBC}") = "DynamicGraph", "DynamicGraph\DynamicGraph.csproj", "{3B4B56AC-6FCA-4D70-B51C-196567C8C9C6}"
EndProject
Global
	GlobalSection(SolutionConfigurationPlatforms) = preSolution
		Debug|Any CPU = Debug|Any CPU
		Release|Any CPU = Release|Any CPU
	EndGlobalSection
	GlobalSection(ProjectConfigurationPlatforms) = postSolution
		{3B4B56AC-6FCA-4D70-B51C-196567C8C9C6}.Debug|Any CPU.ActiveCfg = Debug|Any CPU
		{3B4B56AC-6FCA-4D70-B51C-196567C8C9C6}.Debug|Any CPU.Build.0 = Debug|Any CPU
		{3B4B56AC-6FCA-4D70-B51C-196567C8C9C6}.Release|Any CPU.ActiveCfg = Release|Any CPU
		{3B4B56AC-6FCA-4D70-B51C-196567C8C9C6}.Release|Any CPU.Build.0 = Release|Any CPU
	EndGlobalSection
	GlobalSection(SolutionProperties) = preSolution
		HideSolutionNode = FALSE
	EndGlobalSection
	GlobalSection(ExtensibilityGlobals) = postSolution
		SolutionGuid = {8952F515-0683-45C5-B585-C0A001CD44F2}
	EndGlobalSection
EndGlobal
