
Microsoft Visual Studio Solution File, Format Version 12.00
# Visual Studio 15
VisualStudioVersion = 15.0.28307.271
MinimumVisualStudioVersion = 10.0.40219.1
Project("{FAE04EC0-301F-11D3-BF4B-00C04F79EFBC}") = "Bloom_Filter", "Bloom_Filter\Bloom_Filter.csproj", "{ED33C30F-F4B5-4604-AD8F-0B9700E9DB41}"
EndProject
Global
	GlobalSection(SolutionConfigurationPlatforms) = preSolution
		Debug|Any CPU = Debug|Any CPU
		Release|Any CPU = Release|Any CPU
	EndGlobalSection
	GlobalSection(ProjectConfigurationPlatforms) = postSolution
		{ED33C30F-F4B5-4604-AD8F-0B9700E9DB41}.Debug|Any CPU.ActiveCfg = Debug|Any CPU
		{ED33C30F-F4B5-4604-AD8F-0B9700E9DB41}.Debug|Any CPU.Build.0 = Debug|Any CPU
		{ED33C30F-F4B5-4604-AD8F-0B9700E9DB41}.Release|Any CPU.ActiveCfg = Release|Any CPU
		{ED33C30F-F4B5-4604-AD8F-0B9700E9DB41}.Release|Any CPU.Build.0 = Release|Any CPU
	EndGlobalSection
	GlobalSection(SolutionProperties) = preSolution
		HideSolutionNode = FALSE
	EndGlobalSection
	GlobalSection(ExtensibilityGlobals) = postSolution
		SolutionGuid = {717C2E21-7FAA-49C8-9AEB-2B8163BAD5B0}
	EndGlobalSection
EndGlobal
